<?xml version="1.0" encoding="utf-8"?>
<Project ToolsVersion="4.0" xmlns="http://schemas.microsoft.com/developer/msbuild/2003">
  <ItemGroup>
    <ClCompile Include="..\rp_call_info.c" />
    <ClCompile Include="..\rp_measure.c" />
    <ClCompile Include="..\rp_measure_allocations.c" />
    <ClCompile Include="..\rp_measure_cpu_time.c" />
    <ClCompile Include="..\rp_measure_gc_runs.c" />
    <ClCompile Include="..\rp_measure_gc_time.c" />
    <ClCompile Include="..\rp_measure_memory.c" />
    <ClCompile Include="..\rp_measure_process_time.c" />
    <ClCompile Include="..\rp_measure_wall_time.c" />
    <ClCompile Include="..\rp_method.c" />
    <ClCompile Include="..\rp_stack.c" />
    <ClCompile Include="..\rp_thread.c" />
    <ClCompile Include="..\ruby_prof.c" />
    <ClCompile Include="..\hack\2.2.4\st.c">
      <Filter>Hack\Ruby 2.2.4</Filter>
    </ClCompile>
  </ItemGroup>
  <ItemGroup>
    <ClInclude Include="..\rp_call_info.h" />
    <ClInclude Include="..\rp_measure.h" />
    <ClInclude Include="..\rp_method.h" />
    <ClInclude Include="..\rp_stack.h" />
    <ClInclude Include="..\rp_thread.h" />
    <ClInclude Include="..\ruby_prof.h" />
    <ClInclude Include="..\version.h" />
    <ClInclude Include="..\hack\2.2.4\regenc.h">
      <Filter>Hack\Ruby 2.2.4</Filter>
    </ClInclude>
    <ClInclude Include="..\hack\2.2.4\regint.h">
      <Filter>Hack\Ruby 2.2.4</Filter>
    </ClInclude>
    <ClInclude Include="..\hack\2.2.4\st.h">
      <Filter>Hack\Ruby 2.2.4</Filter>
    </ClInclude>
  </ItemGroup>
  <ItemGroup>
    <Filter Include="Hack">
      <UniqueIdentifier>{11efd1af-6f16-4f8d-900f-949419ee6ee7}</UniqueIdentifier>
    </Filter>
    <Filter Include="Hack\Ruby 2.2.4">
      <UniqueIdentifier>{191ba8d9-fffa-4dd7-b400-c1fcd1c1b647}</UniqueIdentifier>
    </Filter>
    <Filter Include="Hack\Ruby 2.0.0">
      <UniqueIdentifier>{6763cd2b-fe17-416c-947a-8d8d933ae06f}</UniqueIdentifier>
    </Filter>
  </ItemGroup>
</Project>